
Microsoft Visual Studio Solution File, Format Version 12.00
# Visual Studio Version 17
VisualStudioVersion = 17.4.33213.308
MinimumVisualStudioVersion = 10.0.40219.1
Project("{9A19103F-16F7-4668-BE54-9A1E7A4F7556}") = "Serevo.WapToolkit", "Serevo.WapToolKit\Serevo.WapToolkit.csproj", "{E79E5669-318C-42EB-B045-2E3F1591FC88}"
EndProject
Project("{2150E333-8FDC-42A3-9474-1A3956D46DE8}") = ".misc", ".misc", "{108302FB-4FB0-40CF-99D3-C1563FD0ADA4}"
	ProjectSection(SolutionItems) = preProject
		..\.gitignore = ..\.gitignore
		..\LICENSE = ..\LICENSE
		..\README.md = ..\README.md
		wap-tookit.pfx = wap-tookit.pfx
	EndProjectSection
EndProject
Project("{2150E333-8FDC-42A3-9474-1A3956D46DE8}") = ".github", ".github", "{8A9D46F3-C8FC-4D90-8F32-AB88FA04D4B4}"
	ProjectSection(SolutionItems) = preProject
		..\.github\workflows\nuget-push-at-pull-request.yml = ..\.github\workflows\nuget-push-at-pull-request.yml
	EndProjectSection
EndProject
Project("{FAE04EC0-301F-11D3-BF4B-00C04F79EFBC}") = "TestConsoleApp", "TestConsoleApp\TestConsoleApp.csproj", "{727D0F1E-1313-44FA-BA3A-586ED9B211A2}"
EndProject
Project("{C7167F0D-BC9F-4E6E-AFE1-012C56B48DB5}") = "TestConsoleAppPackage", "TestConsoleAppPackage\TestConsoleAppPackage.wapproj", "{2FF2F6C5-080A-44CC-8C0D-9A6D78D89E9A}"
EndProject
Project("{FAE04EC0-301F-11D3-BF4B-00C04F79EFBC}") = "TestSettingsLib", "TestSettingsLib\TestSettingsLib.csproj", "{9D9B4828-5106-4F83-9C82-1A95A5DD4FAF}"
EndProject
Project("{2150E333-8FDC-42A3-9474-1A3956D46DE8}") = "Tests", "Tests", "{32393BB7-EFBD-4124-8F96-B0B54E205D91}"
EndProject
Project("{D954291E-2A0B-460D-934E-DC6B0785DB48}") = "Shared", "Shared\Shared.shproj", "{5BDA2820-6EC6-4BE2-A36A-CFBBC7B1F2BF}"
EndProject
Global
	GlobalSection(SolutionConfigurationPlatforms) = preSolution
		Debug|Any CPU = Debug|Any CPU
		Debug|ARM = Debug|ARM
		Debug|ARM64 = Debug|ARM64
		Debug|x64 = Debug|x64
		Debug|x86 = Debug|x86
		Release|Any CPU = Release|Any CPU
		Release|ARM = Release|ARM
		Release|ARM64 = Release|ARM64
		Release|x64 = Release|x64
		Release|x86 = Release|x86
	EndGlobalSection
	GlobalSection(ProjectConfigurationPlatforms) = postSolution
		{E79E5669-318C-42EB-B045-2E3F1591FC88}.Debug|Any CPU.ActiveCfg = Debug|Any CPU
		{E79E5669-318C-42EB-B045-2E3F1591FC88}.Debug|Any CPU.Build.0 = Debug|Any CPU
		{E79E5669-318C-42EB-B045-2E3F1591FC88}.Debug|ARM.ActiveCfg = Debug|Any CPU
		{E79E5669-318C-42EB-B045-2E3F1591FC88}.Debug|ARM.Build.0 = Debug|Any CPU
		{E79E5669-318C-42EB-B045-2E3F1591FC88}.Debug|ARM64.ActiveCfg = Debug|Any CPU
		{E79E5669-318C-42EB-B045-2E3F1591FC88}.Debug|ARM64.Build.0 = Debug|Any CPU
		{E79E5669-318C-42EB-B045-2E3F1591FC88}.Debug|x64.ActiveCfg = Debug|Any CPU
		{E79E5669-318C-42EB-B045-2E3F1591FC88}.Debug|x64.Build.0 = Debug|Any CPU
		{E79E5669-318C-42EB-B045-2E3F1591FC88}.Debug|x86.ActiveCfg = Debug|Any CPU
		{E79E5669-318C-42EB-B045-2E3F1591FC88}.Debug|x86.Build.0 = Debug|Any CPU
		{E79E5669-318C-42EB-B045-2E3F1591FC88}.Release|Any CPU.ActiveCfg = Release|Any CPU
		{E79E5669-318C-42EB-B045-2E3F1591FC88}.Release|Any CPU.Build.0 = Release|Any CPU
		{E79E5669-318C-42EB-B045-2E3F1591FC88}.Release|ARM.ActiveCfg = Release|Any CPU
		{E79E5669-318C-42EB-B045-2E3F1591FC88}.Release|ARM.Build.0 = Release|Any CPU
		{E79E5669-318C-42EB-B045-2E3F1591FC88}.Release|ARM64.ActiveCfg = Release|Any CPU
		{E79E5669-318C-42EB-B045-2E3F1591FC88}.Release|ARM64.Build.0 = Release|Any CPU
		{E79E5669-318C-42EB-B045-2E3F1591FC88}.Release|x64.ActiveCfg = Release|Any CPU
		{E79E5669-318C-42EB-B045-2E3F1591FC88}.Release|x64.Build.0 = Release|Any CPU
		{E79E5669-318C-42EB-B045-2E3F1591FC88}.Release|x86.ActiveCfg = Release|Any CPU
		{E79E5669-318C-42EB-B045-2E3F1591FC88}.Release|x86.Build.0 = Release|Any CPU
		{727D0F1E-1313-44FA-BA3A-586ED9B211A2}.Debug|Any CPU.ActiveCfg = Debug|Any CPU
		{727D0F1E-1313-44FA-BA3A-586ED9B211A2}.Debug|Any CPU.Build.0 = Debug|Any CPU
		{727D0F1E-1313-44FA-BA3A-586ED9B211A2}.Debug|ARM.ActiveCfg = Debug|Any CPU
		{727D0F1E-1313-44FA-BA3A-586ED9B211A2}.Debug|ARM.Build.0 = Debug|Any CPU
		{727D0F1E-1313-44FA-BA3A-586ED9B211A2}.Debug|ARM64.ActiveCfg = Debug|Any CPU
		{727D0F1E-1313-44FA-BA3A-586ED9B211A2}.Debug|ARM64.Build.0 = Debug|Any CPU
		{727D0F1E-1313-44FA-BA3A-586ED9B211A2}.Debug|x64.ActiveCfg = Debug|Any CPU
		{727D0F1E-1313-44FA-BA3A-586ED9B211A2}.Debug|x64.Build.0 = Debug|Any CPU
		{727D0F1E-1313-44FA-BA3A-586ED9B211A2}.Debug|x86.ActiveCfg = Debug|Any CPU
		{727D0F1E-1313-44FA-BA3A-586ED9B211A2}.Debug|x86.Build.0 = Debug|Any CPU
		{727D0F1E-1313-44FA-BA3A-586ED9B211A2}.Release|Any CPU.ActiveCfg = Release|Any CPU
		{727D0F1E-1313-44FA-BA3A-586ED9B211A2}.Release|Any CPU.Build.0 = Release|Any CPU
		{727D0F1E-1313-44FA-BA3A-586ED9B211A2}.Release|ARM.ActiveCfg = Release|Any CPU
		{727D0F1E-1313-44FA-BA3A-586ED9B211A2}.Release|ARM.Build.0 = Release|Any CPU
		{727D0F1E-1313-44FA-BA3A-586ED9B211A2}.Release|ARM64.ActiveCfg = Release|Any CPU
		{727D0F1E-1313-44FA-BA3A-586ED9B211A2}.Release|ARM64.Build.0 = Release|Any CPU
		{727D0F1E-1313-44FA-BA3A-586ED9B211A2}.Release|x64.ActiveCfg = Release|Any CPU
		{727D0F1E-1313-44FA-BA3A-586ED9B211A2}.Release|x64.Build.0 = Release|Any CPU
		{727D0F1E-1313-44FA-BA3A-586ED9B211A2}.Release|x86.ActiveCfg = Release|Any CPU
		{727D0F1E-1313-44FA-BA3A-586ED9B211A2}.Release|x86.Build.0 = Release|Any CPU
		{2FF2F6C5-080A-44CC-8C0D-9A6D78D89E9A}.Debug|Any CPU.ActiveCfg = Debug|Any CPU
		{2FF2F6C5-080A-44CC-8C0D-9A6D78D89E9A}.Debug|Any CPU.Build.0 = Debug|Any CPU
		{2FF2F6C5-080A-44CC-8C0D-9A6D78D89E9A}.Debug|Any CPU.Deploy.0 = Debug|Any CPU
		{2FF2F6C5-080A-44CC-8C0D-9A6D78D89E9A}.Debug|ARM.ActiveCfg = Debug|ARM
		{2FF2F6C5-080A-44CC-8C0D-9A6D78D89E9A}.Debug|ARM.Build.0 = Debug|ARM
		{2FF2F6C5-080A-44CC-8C0D-9A6D78D89E9A}.Debug|ARM.Deploy.0 = Debug|ARM
		{2FF2F6C5-080A-44CC-8C0D-9A6D78D89E9A}.Debug|ARM64.ActiveCfg = Debug|ARM64
		{2FF2F6C5-080A-44CC-8C0D-9A6D78D89E9A}.Debug|ARM64.Build.0 = Debug|ARM64
		{2FF2F6C5-080A-44CC-8C0D-9A6D78D89E9A}.Debug|ARM64.Deploy.0 = Debug|ARM64
		{2FF2F6C5-080A-44CC-8C0D-9A6D78D89E9A}.Debug|x64.ActiveCfg = Debug|x64
		{2FF2F6C5-080A-44CC-8C0D-9A6D78D89E9A}.Debug|x64.Build.0 = Debug|x64
		{2FF2F6C5-080A-44CC-8C0D-9A6D78D89E9A}.Debug|x64.Deploy.0 = Debug|x64
		{2FF2F6C5-080A-44CC-8C0D-9A6D78D89E9A}.Debug|x86.ActiveCfg = Debug|x86
		{2FF2F6C5-080A-44CC-8C0D-9A6D78D89E9A}.Debug|x86.Build.0 = Debug|x86
		{2FF2F6C5-080A-44CC-8C0D-9A6D78D89E9A}.Debug|x86.Deploy.0 = Debug|x86
		{2FF2F6C5-080A-44CC-8C0D-9A6D78D89E9A}.Release|Any CPU.ActiveCfg = Release|Any CPU
		{2FF2F6C5-080A-44CC-8C0D-9A6D78D89E9A}.Release|Any CPU.Build.0 = Release|Any CPU
		{2FF2F6C5-080A-44CC-8C0D-9A6D78D89E9A}.Release|Any CPU.Deploy.0 = Release|Any CPU
		{2FF2F6C5-080A-44CC-8C0D-9A6D78D89E9A}.Release|ARM.ActiveCfg = Release|ARM
		{2FF2F6C5-080A-44CC-8C0D-9A6D78D89E9A}.Release|ARM.Build.0 = Release|ARM
		{2FF2F6C5-080A-44CC-8C0D-9A6D78D89E9A}.Release|ARM.Deploy.0 = Release|ARM
		{2FF2F6C5-080A-44CC-8C0D-9A6D78D89E9A}.Release|ARM64.ActiveCfg = Release|ARM64
		{2FF2F6C5-080A-44CC-8C0D-9A6D78D89E9A}.Release|ARM64.Build.0 = Release|ARM64
		{2FF2F6C5-080A-44CC-8C0D-9A6D78D89E9A}.Release|ARM64.Deploy.0 = Release|ARM64
		{2FF2F6C5-080A-44CC-8C0D-9A6D78D89E9A}.Release|x64.ActiveCfg = Release|x64
		{2FF2F6C5-080A-44CC-8C0D-9A6D78D89E9A}.Release|x64.Build.0 = Release|x64
		{2FF2F6C5-080A-44CC-8C0D-9A6D78D89E9A}.Release|x64.Deploy.0 = Release|x64
		{2FF2F6C5-080A-44CC-8C0D-9A6D78D89E9A}.Release|x86.ActiveCfg = Release|x86
		{2FF2F6C5-080A-44CC-8C0D-9A6D78D89E9A}.Release|x86.Build.0 = Release|x86
		{2FF2F6C5-080A-44CC-8C0D-9A6D78D89E9A}.Release|x86.Deploy.0 = Release|x86
		{9D9B4828-5106-4F83-9C82-1A95A5DD4FAF}.Debug|Any CPU.ActiveCfg = Debug|Any CPU
		{9D9B4828-5106-4F83-9C82-1A95A5DD4FAF}.Debug|Any CPU.Build.0 = Debug|Any CPU
		{9D9B4828-5106-4F83-9C82-1A95A5DD4FAF}.Debug|ARM.ActiveCfg = Debug|Any CPU
		{9D9B4828-5106-4F83-9C82-1A95A5DD4FAF}.Debug|ARM.Build.0 = Debug|Any CPU
		{9D9B4828-5106-4F83-9C82-1A95A5DD4FAF}.Debug|ARM64.ActiveCfg = Debug|Any CPU
		{9D9B4828-5106-4F83-9C82-1A95A5DD4FAF}.Debug|ARM64.Build.0 = Debug|Any CPU
		{9D9B4828-5106-4F83-9C82-1A95A5DD4FAF}.Debug|x64.ActiveCfg = Debug|Any CPU
		{9D9B4828-5106-4F83-9C82-1A95A5DD4FAF}.Debug|x64.Build.0 = Debug|Any CPU
		{9D9B4828-5106-4F83-9C82-1A95A5DD4FAF}.Debug|x86.ActiveCfg = Debug|Any CPU
		{9D9B4828-5106-4F83-9C82-1A95A5DD4FAF}.Debug|x86.Build.0 = Debug|Any CPU
		{9D9B4828-5106-4F83-9C82-1A95A5DD4FAF}.Release|Any CPU.ActiveCfg = Release|Any CPU
		{9D9B4828-5106-4F83-9C82-1A95A5DD4FAF}.Release|Any CPU.Build.0 = Release|Any CPU
		{9D9B4828-5106-4F83-9C82-1A95A5DD4FAF}.Release|ARM.ActiveCfg = Release|Any CPU
		{9D9B4828-5106-4F83-9C82-1A95A5DD4FAF}.Release|ARM.Build.0 = Release|Any CPU
		{9D9B4828-5106-4F83-9C82-1A95A5DD4FAF}.Release|ARM64.ActiveCfg = Release|Any CPU
		{9D9B4828-5106-4F83-9C82-1A95A5DD4FAF}.Release|ARM64.Build.0 = Release|Any CPU
		{9D9B4828-5106-4F83-9C82-1A95A5DD4FAF}.Release|x64.ActiveCfg = Release|Any CPU
		{9D9B4828-5106-4F83-9C82-1A95A5DD4FAF}.Release|x64.Build.0 = Release|Any CPU
		{9D9B4828-5106-4F83-9C82-1A95A5DD4FAF}.Release|x86.ActiveCfg = Release|Any CPU
		{9D9B4828-5106-4F83-9C82-1A95A5DD4FAF}.Release|x86.Build.0 = Release|Any CPU
	EndGlobalSection
	GlobalSection(SolutionProperties) = preSolution
		HideSolutionNode = FALSE
	EndGlobalSection
	GlobalSection(NestedProjects) = preSolution
		{727D0F1E-1313-44FA-BA3A-586ED9B211A2} = {32393BB7-EFBD-4124-8F96-B0B54E205D91}
		{2FF2F6C5-080A-44CC-8C0D-9A6D78D89E9A} = {32393BB7-EFBD-4124-8F96-B0B54E205D91}
		{9D9B4828-5106-4F83-9C82-1A95A5DD4FAF} = {32393BB7-EFBD-4124-8F96-B0B54E205D91}
	EndGlobalSection
	GlobalSection(ExtensibilityGlobals) = postSolution
		SolutionGuid = {0D00B44D-EB76-4557-97DC-0BCB5E9CB23B}
	EndGlobalSection
	GlobalSection(SharedMSBuildProjectFiles) = preSolution
		Shared\Shared.projitems*{5bda2820-6ec6-4be2-a36a-cfbbc7b1f2bf}*SharedItemsImports = 13
		Shared\Shared.projitems*{727d0f1e-1313-44fa-ba3a-586ed9b211a2}*SharedItemsImports = 4
		Shared\Shared.projitems*{e79e5669-318c-42eb-b045-2e3f1591fc88}*SharedItemsImports = 5
	EndGlobalSection
EndGlobal
